{
  "name": "app",
  "lockfileVersion": 3,
  "requires": true,
  "packages": {
    "": {
      "name": "app",
      "dependencies": {
        "@homebots/parse-html": "^1.1.5"
      },
      "devDependencies": {
        "@cloud-cli/prettier-config": "^1.0.0"
      }
    },
    "node_modules/@cloud-cli/prettier-config": {
      "version": "1.0.0",
      "resolved": "https://registry.npmjs.org/@cloud-cli/prettier-config/-/prettier-config-1.0.0.tgz",
      "integrity": "sha512-0Ops1CBvaV4keDW+phGR2eOLmjBhXHV8eG5Cm3nAqlHUdWbYs9a73r39GVDzz/J5kni5iUhKJG/IPKwPinWpsA==",
      "dev": true
    },
    "node_modules/@homebots/parse-html": {
      "version": "1.1.6",
      "resolved": "https://registry.npmjs.org/@homebots/parse-html/-/parse-html-1.1.6.tgz",
      "integrity": "sha512-ZC0etghE/cZkbDGALaEa/Ajjx4WOFDT03SU+iOlVlir4QHcR63WWbKYk2Gh5Ksgj7JTPyRBQiGh9dh4kT9STzQ=="
    }
  }
}
